// !$*UTF8*$!
{
	archiveVersion = 1;
	classes = {
	};
	objectVersion = 55;
	objects = {

/* Begin PBXBuildFile section */
		DA0DCF87283D331600904DA1 /* bpxc.xcframework in Frameworks */ = {isa = PBXBuildFile; fileRef = DA0DCF86283D331600904DA1 /* bpxc.xcframework */; };
		DA0DCF8D283D36B900904DA1 /* Container.swift in Sources */ = {isa = PBXBuildFile; fileRef = DA0DCF8C283D36B900904DA1 /* Container.swift */; };
		DA0DCF8F283D371600904DA1 /* Error.swift in Sources */ = {isa = PBXBuildFile; fileRef = DA0DCF8E283D371600904DA1 /* Error.swift */; };
		DA0DCF91283D377C00904DA1 /* Headers in Resources */ = {isa = PBXBuildFile; fileRef = DA0DCF90283D377C00904DA1 /* Headers */; };
		DA0DCF94283E4D3300904DA1 /* Section.swift in Sources */ = {isa = PBXBuildFile; fileRef = DA0DCF93283E4D3300904DA1 /* Section.swift */; };
		DA0DCFBA283E625400904DA1 /* libz.tbd in Frameworks */ = {isa = PBXBuildFile; fileRef = DA0DCFB9283E621300904DA1 /* libz.tbd */; };
		DA1779F82846519E00F3EBC5 /* SdView.swift in Sources */ = {isa = PBXBuildFile; fileRef = DA1779F72846519E00F3EBC5 /* SdView.swift */; };
		DA49036C2843B436006C9169 /* ToolButton.swift in Sources */ = {isa = PBXBuildFile; fileRef = DA49036B2843B436006C9169 /* ToolButton.swift */; };
		DA49036E2843E085006C9169 /* BlockView.swift in Sources */ = {isa = PBXBuildFile; fileRef = DA49036D2843E085006C9169 /* BlockView.swift */; };
		DA4903712843E6D8006C9169 /* Value.swift in Sources */ = {isa = PBXBuildFile; fileRef = DA4903702843E6D8006C9169 /* Value.swift */; };
		DA4903732843E739006C9169 /* TypeDesc.swift in Sources */ = {isa = PBXBuildFile; fileRef = DA4903722843E739006C9169 /* TypeDesc.swift */; };
		DA4903752843E78A006C9169 /* Loader.swift in Sources */ = {isa = PBXBuildFile; fileRef = DA4903742843E78A006C9169 /* Loader.swift */; };
		DA4903772843E911006C9169 /* Strings.swift in Sources */ = {isa = PBXBuildFile; fileRef = DA4903762843E911006C9169 /* Strings.swift */; };
		DA560CF52848BD790057AB1A /* PointerView.swift in Sources */ = {isa = PBXBuildFile; fileRef = DA560CF42848BD790057AB1A /* PointerView.swift */; };
		DA689BF62844C46B00A2EF1B /* StringView.swift in Sources */ = {isa = PBXBuildFile; fileRef = DA689BF52844C46B00A2EF1B /* StringView.swift */; };
		DA689BF82844ED8900A2EF1B /* StructuredData.swift in Sources */ = {isa = PBXBuildFile; fileRef = DA689BF72844ED8900A2EF1B /* StructuredData.swift */; };
		DA90C917283BB9AD0091DE15 /* BPXViewerApp.swift in Sources */ = {isa = PBXBuildFile; fileRef = DA90C916283BB9AD0091DE15 /* BPXViewerApp.swift */; };
		DA90C919283BB9AD0091DE15 /* BPXDocument.swift in Sources */ = {isa = PBXBuildFile; fileRef = DA90C918283BB9AD0091DE15 /* BPXDocument.swift */; };
		DA90C91B283BB9AD0091DE15 /* ContentView.swift in Sources */ = {isa = PBXBuildFile; fileRef = DA90C91A283BB9AD0091DE15 /* ContentView.swift */; };
		DA90C91D283BB9AE0091DE15 /* Assets.xcassets in Resources */ = {isa = PBXBuildFile; fileRef = DA90C91C283BB9AE0091DE15 /* Assets.xcassets */; };
		DA90C920283BB9AE0091DE15 /* Preview Assets.xcassets in Resources */ = {isa = PBXBuildFile; fileRef = DA90C91F283BB9AE0091DE15 /* Preview Assets.xcassets */; };
		DA99F389283FA1DF007BFEC3 /* SelectableItem.swift in Sources */ = {isa = PBXBuildFile; fileRef = DA99F388283FA1DF007BFEC3 /* SelectableItem.swift */; };
		DA99F38B283FE64E007BFEC3 /* MainHeaderView.swift in Sources */ = {isa = PBXBuildFile; fileRef = DA99F38A283FE64E007BFEC3 /* MainHeaderView.swift */; };
		DA99F38D283FE703007BFEC3 /* SectionHeaderView.swift in Sources */ = {isa = PBXBuildFile; fileRef = DA99F38C283FE703007BFEC3 /* SectionHeaderView.swift */; };
		DAAAC99E283BD80900D663E8 /* HexView.xib in Resources */ = {isa = PBXBuildFile; fileRef = DAAAC99D283BD80900D663E8 /* HexView.xib */; };
		DAAAC9A0283BD9B000D663E8 /* HexView.swift in Sources */ = {isa = PBXBuildFile; fileRef = DAAAC99F283BD9B000D663E8 /* HexView.swift */; };
		DAB22D822840D4D7005C8741 /* BundleManager.swift in Sources */ = {isa = PBXBuildFile; fileRef = DAB22D812840D4D7005C8741 /* BundleManager.swift */; };
		DAB22D852840DB7C005C8741 /* TOMLDecoder in Frameworks */ = {isa = PBXBuildFile; productRef = DAB22D842840DB7C005C8741 /* TOMLDecoder */; };
		DAB22D8728412255005C8741 /* ByteBuf.swift in Sources */ = {isa = PBXBuildFile; fileRef = DAB22D8628412255005C8741 /* ByteBuf.swift */; };
		DAB22D89284172CF005C8741 /* DecodedView.swift in Sources */ = {isa = PBXBuildFile; fileRef = DAB22D88284172CF005C8741 /* DecodedView.swift */; };
		DACF4B1F28423ABA008AA6A3 /* SectionState.swift in Sources */ = {isa = PBXBuildFile; fileRef = DACF4B1E28423ABA008AA6A3 /* SectionState.swift */; };
/* End PBXBuildFile section */

/* Begin PBXFileReference section */
		DA0DCF86283D331600904DA1 /* bpxc.xcframework */ = {isa = PBXFileReference; lastKnownFileType = wrapper.xcframework; path = bpxc.xcframework; sourceTree = "<group>"; };
		DA0DCF8A283D33E500904DA1 /* bpx_bridge.h */ = {isa = PBXFileReference; lastKnownFileType = sourcecode.c.h; path = bpx_bridge.h; sourceTree = "<group>"; };
		DA0DCF8C283D36B900904DA1 /* Container.swift */ = {isa = PBXFileReference; lastKnownFileType = sourcecode.swift; path = Container.swift; sourceTree = "<group>"; };
		DA0DCF8E283D371600904DA1 /* Error.swift */ = {isa = PBXFileReference; lastKnownFileType = sourcecode.swift; path = Error.swift; sourceTree = "<group>"; };
		DA0DCF90283D377C00904DA1 /* Headers */ = {isa = PBXFileReference; lastKnownFileType = folder; name = Headers; path = "bpxc.xcframework/macos-x86_64/Headers"; sourceTree = "<group>"; };
		DA0DCF93283E4D3300904DA1 /* Section.swift */ = {isa = PBXFileReference; lastKnownFileType = sourcecode.swift; path = Section.swift; sourceTree = "<group>"; };
		DA0DCFB8283E61FD00904DA1 /* liblzma.tbd */ = {isa = PBXFileReference; lastKnownFileType = "sourcecode.text-based-dylib-definition"; name = liblzma.tbd; path = usr/lib/liblzma.tbd; sourceTree = SDKROOT; };
		DA0DCFB9283E621300904DA1 /* libz.tbd */ = {isa = PBXFileReference; lastKnownFileType = "sourcecode.text-based-dylib-definition"; name = libz.tbd; path = usr/lib/libz.tbd; sourceTree = SDKROOT; };
		DA0DCFBC283E639F00904DA1 /* liblzma.5.tbd */ = {isa = PBXFileReference; lastKnownFileType = "sourcecode.text-based-dylib-definition"; name = liblzma.5.tbd; path = usr/lib/liblzma.5.tbd; sourceTree = SDKROOT; };
		DA1779F72846519E00F3EBC5 /* SdView.swift */ = {isa = PBXFileReference; lastKnownFileType = sourcecode.swift; path = SdView.swift; sourceTree = "<group>"; };
		DA49036B2843B436006C9169 /* ToolButton.swift */ = {isa = PBXFileReference; lastKnownFileType = sourcecode.swift; path = ToolButton.swift; sourceTree = "<group>"; };
		DA49036D2843E085006C9169 /* BlockView.swift */ = {isa = PBXFileReference; lastKnownFileType = sourcecode.swift; path = BlockView.swift; sourceTree = "<group>"; };
		DA4903702843E6D8006C9169 /* Value.swift */ = {isa = PBXFileReference; lastKnownFileType = sourcecode.swift; path = Value.swift; sourceTree = "<group>"; };
		DA4903722843E739006C9169 /* TypeDesc.swift */ = {isa = PBXFileReference; lastKnownFileType = sourcecode.swift; path = TypeDesc.swift; sourceTree = "<group>"; };
		DA4903742843E78A006C9169 /* Loader.swift */ = {isa = PBXFileReference; lastKnownFileType = sourcecode.swift; path = Loader.swift; sourceTree = "<group>"; };
		DA4903762843E911006C9169 /* Strings.swift */ = {isa = PBXFileReference; lastKnownFileType = sourcecode.swift; path = Strings.swift; sourceTree = "<group>"; };
		DA560CF42848BD790057AB1A /* PointerView.swift */ = {isa = PBXFileReference; lastKnownFileType = sourcecode.swift; path = PointerView.swift; sourceTree = "<group>"; };
		DA689BF52844C46B00A2EF1B /* StringView.swift */ = {isa = PBXFileReference; lastKnownFileType = sourcecode.swift; path = StringView.swift; sourceTree = "<group>"; };
		DA689BF72844ED8900A2EF1B /* StructuredData.swift */ = {isa = PBXFileReference; lastKnownFileType = sourcecode.swift; path = StructuredData.swift; sourceTree = "<group>"; };
		DA90C913283BB9AD0091DE15 /* BPXViewer.app */ = {isa = PBXFileReference; explicitFileType = wrapper.application; includeInIndex = 0; path = BPXViewer.app; sourceTree = BUILT_PRODUCTS_DIR; };
		DA90C916283BB9AD0091DE15 /* BPXViewerApp.swift */ = {isa = PBXFileReference; lastKnownFileType = sourcecode.swift; path = BPXViewerApp.swift; sourceTree = "<group>"; };
		DA90C918283BB9AD0091DE15 /* BPXDocument.swift */ = {isa = PBXFileReference; lastKnownFileType = sourcecode.swift; path = BPXDocument.swift; sourceTree = "<group>"; };
		DA90C91A283BB9AD0091DE15 /* ContentView.swift */ = {isa = PBXFileReference; lastKnownFileType = sourcecode.swift; path = ContentView.swift; sourceTree = "<group>"; };
		DA90C91C283BB9AE0091DE15 /* Assets.xcassets */ = {isa = PBXFileReference; lastKnownFileType = folder.assetcatalog; path = Assets.xcassets; sourceTree = "<group>"; };
		DA90C91F283BB9AE0091DE15 /* Preview Assets.xcassets */ = {isa = PBXFileReference; lastKnownFileType = folder.assetcatalog; path = "Preview Assets.xcassets"; sourceTree = "<group>"; };
		DA90C921283BB9AE0091DE15 /* Info.plist */ = {isa = PBXFileReference; lastKnownFileType = text.plist.xml; path = Info.plist; sourceTree = "<group>"; };
		DA90C922283BB9AE0091DE15 /* BPXViewer.entitlements */ = {isa = PBXFileReference; lastKnownFileType = text.plist.entitlements; path = BPXViewer.entitlements; sourceTree = "<group>"; };
		DA99F388283FA1DF007BFEC3 /* SelectableItem.swift */ = {isa = PBXFileReference; lastKnownFileType = sourcecode.swift; path = SelectableItem.swift; sourceTree = "<group>"; };
		DA99F38A283FE64E007BFEC3 /* MainHeaderView.swift */ = {isa = PBXFileReference; lastKnownFileType = sourcecode.swift; path = MainHeaderView.swift; sourceTree = "<group>"; };
		DA99F38C283FE703007BFEC3 /* SectionHeaderView.swift */ = {isa = PBXFileReference; lastKnownFileType = sourcecode.swift; path = SectionHeaderView.swift; sourceTree = "<group>"; };
		DAAAC99D283BD80900D663E8 /* HexView.xib */ = {isa = PBXFileReference; lastKnownFileType = file.xib; path = HexView.xib; sourceTree = "<group>"; };
		DAAAC99F283BD9B000D663E8 /* HexView.swift */ = {isa = PBXFileReference; lastKnownFileType = sourcecode.swift; path = HexView.swift; sourceTree = "<group>"; };
		DAB22D812840D4D7005C8741 /* BundleManager.swift */ = {isa = PBXFileReference; lastKnownFileType = sourcecode.swift; path = BundleManager.swift; sourceTree = "<group>"; };
		DAB22D8628412255005C8741 /* ByteBuf.swift */ = {isa = PBXFileReference; lastKnownFileType = sourcecode.swift; path = ByteBuf.swift; sourceTree = "<group>"; };
		DAB22D88284172CF005C8741 /* DecodedView.swift */ = {isa = PBXFileReference; lastKnownFileType = sourcecode.swift; path = DecodedView.swift; sourceTree = "<group>"; };
		DACF4B1E28423ABA008AA6A3 /* SectionState.swift */ = {isa = PBXFileReference; lastKnownFileType = sourcecode.swift; path = SectionState.swift; sourceTree = "<group>"; };
/* End PBXFileReference section */

/* Begin PBXFrameworksBuildPhase section */
		DA90C910283BB9AD0091DE15 /* Frameworks */ = {
			isa = PBXFrameworksBuildPhase;
			buildActionMask = 2147483647;
			files = (
				DAB22D852840DB7C005C8741 /* TOMLDecoder in Frameworks */,
				DA0DCFBA283E625400904DA1 /* libz.tbd in Frameworks */,
				DA0DCF87283D331600904DA1 /* bpxc.xcframework in Frameworks */,
			);
			runOnlyForDeploymentPostprocessing = 0;
		};
/* End PBXFrameworksBuildPhase section */

/* Begin PBXGroup section */
		DA0DCF85283D331600904DA1 /* Frameworks */ = {
			isa = PBXGroup;
			children = (
				DA0DCFBC283E639F00904DA1 /* liblzma.5.tbd */,
				DA0DCFB9283E621300904DA1 /* libz.tbd */,
				DA0DCFB8283E61FD00904DA1 /* liblzma.tbd */,
				DA0DCF86283D331600904DA1 /* bpxc.xcframework */,
			);
			name = Frameworks;
			sourceTree = "<group>";
		};
		DA0DCF8B283D36A400904DA1 /* BPX */ = {
			isa = PBXGroup;
			children = (
				DA0DCF8C283D36B900904DA1 /* Container.swift */,
				DA0DCF8E283D371600904DA1 /* Error.swift */,
				DA0DCF93283E4D3300904DA1 /* Section.swift */,
				DA4903762843E911006C9169 /* Strings.swift */,
				DA689BF72844ED8900A2EF1B /* StructuredData.swift */,
			);
			path = BPX;
			sourceTree = "<group>";
		};
		DA49036F2843E6B7006C9169 /* Extensions */ = {
			isa = PBXGroup;
			children = (
				DAB22D812840D4D7005C8741 /* BundleManager.swift */,
				DA4903702843E6D8006C9169 /* Value.swift */,
				DA4903722843E739006C9169 /* TypeDesc.swift */,
				DA4903742843E78A006C9169 /* Loader.swift */,
				DAB22D8628412255005C8741 /* ByteBuf.swift */,
			);
			path = Extensions;
			sourceTree = "<group>";
		};
		DA689BF32844BB4500A2EF1B /* View */ = {
			isa = PBXGroup;
			children = (
				DA689BF42844BBC600A2EF1B /* Hex */,
				DA90C91A283BB9AD0091DE15 /* ContentView.swift */,
				DA99F38A283FE64E007BFEC3 /* MainHeaderView.swift */,
				DA99F38C283FE703007BFEC3 /* SectionHeaderView.swift */,
				DAB22D88284172CF005C8741 /* DecodedView.swift */,
				DA99F388283FA1DF007BFEC3 /* SelectableItem.swift */,
				DA49036B2843B436006C9169 /* ToolButton.swift */,
				DA49036D2843E085006C9169 /* BlockView.swift */,
				DA689BF52844C46B00A2EF1B /* StringView.swift */,
				DA1779F72846519E00F3EBC5 /* SdView.swift */,
				DA560CF42848BD790057AB1A /* PointerView.swift */,
			);
			path = View;
			sourceTree = "<group>";
		};
		DA689BF42844BBC600A2EF1B /* Hex */ = {
			isa = PBXGroup;
			children = (
				DAAAC99D283BD80900D663E8 /* HexView.xib */,
				DAAAC99F283BD9B000D663E8 /* HexView.swift */,
			);
			path = Hex;
			sourceTree = "<group>";
		};
		DA90C90A283BB9AD0091DE15 = {
			isa = PBXGroup;
			children = (
				DA0DCF90283D377C00904DA1 /* Headers */,
				DA0DCF8A283D33E500904DA1 /* bpx_bridge.h */,
				DA90C915283BB9AD0091DE15 /* BPXViewer */,
				DA90C914283BB9AD0091DE15 /* Products */,
				DA0DCF85283D331600904DA1 /* Frameworks */,
			);
			sourceTree = "<group>";
		};
		DA90C914283BB9AD0091DE15 /* Products */ = {
			isa = PBXGroup;
			children = (
				DA90C913283BB9AD0091DE15 /* BPXViewer.app */,
			);
			name = Products;
			sourceTree = "<group>";
		};
		DA90C915283BB9AD0091DE15 /* BPXViewer */ = {
			isa = PBXGroup;
			children = (
				DA689BF32844BB4500A2EF1B /* View */,
				DA49036F2843E6B7006C9169 /* Extensions */,
				DA0DCF8B283D36A400904DA1 /* BPX */,
				DA90C916283BB9AD0091DE15 /* BPXViewerApp.swift */,
				DACF4B1E28423ABA008AA6A3 /* SectionState.swift */,
				DA90C918283BB9AD0091DE15 /* BPXDocument.swift */,
				DA90C91C283BB9AE0091DE15 /* Assets.xcassets */,
				DA90C921283BB9AE0091DE15 /* Info.plist */,
				DA90C922283BB9AE0091DE15 /* BPXViewer.entitlements */,
				DA90C91E283BB9AE0091DE15 /* Preview Content */,
			);
			path = BPXViewer;
			sourceTree = "<group>";
		};
		DA90C91E283BB9AE0091DE15 /* Preview Content */ = {
			isa = PBXGroup;
			children = (
				DA90C91F283BB9AE0091DE15 /* Preview Assets.xcassets */,
			);
			path = "Preview Content";
			sourceTree = "<group>";
		};
/* End PBXGroup section */

/* Begin PBXNativeTarget section */
		DA90C912283BB9AD0091DE15 /* BPXViewer */ = {
			isa = PBXNativeTarget;
			buildConfigurationList = DA90C925283BB9AE0091DE15 /* Build configuration list for PBXNativeTarget "BPXViewer" */;
			buildPhases = (
				DA90C90F283BB9AD0091DE15 /* Sources */,
				DA90C910283BB9AD0091DE15 /* Frameworks */,
				DA90C911283BB9AD0091DE15 /* Resources */,
			);
			buildRules = (
			);
			dependencies = (
			);
			name = BPXViewer;
			packageProductDependencies = (
				DAB22D842840DB7C005C8741 /* TOMLDecoder */,
			);
			productName = BPXViewer;
			productReference = DA90C913283BB9AD0091DE15 /* BPXViewer.app */;
			productType = "com.apple.product-type.application";
		};
/* End PBXNativeTarget section */

/* Begin PBXProject section */
		DA90C90B283BB9AD0091DE15 /* Project object */ = {
			isa = PBXProject;
			attributes = {
				BuildIndependentTargetsInParallel = 1;
				LastSwiftUpdateCheck = 1320;
				LastUpgradeCheck = 1320;
				TargetAttributes = {
					DA90C912283BB9AD0091DE15 = {
						CreatedOnToolsVersion = 13.2;
					};
				};
			};
			buildConfigurationList = DA90C90E283BB9AD0091DE15 /* Build configuration list for PBXProject "BPXViewer" */;
			compatibilityVersion = "Xcode 13.0";
			developmentRegion = en;
			hasScannedForEncodings = 0;
			knownRegions = (
				en,
				Base,
			);
			mainGroup = DA90C90A283BB9AD0091DE15;
			packageReferences = (
				DAB22D832840DB7C005C8741 /* XCRemoteSwiftPackageReference "TOMLDecoder" */,
			);
			productRefGroup = DA90C914283BB9AD0091DE15 /* Products */;
			projectDirPath = "";
			projectRoot = "";
			targets = (
				DA90C912283BB9AD0091DE15 /* BPXViewer */,
			);
		};
/* End PBXProject section */

/* Begin PBXResourcesBuildPhase section */
		DA90C911283BB9AD0091DE15 /* Resources */ = {
			isa = PBXResourcesBuildPhase;
			buildActionMask = 2147483647;
			files = (
				DA90C920283BB9AE0091DE15 /* Preview Assets.xcassets in Resources */,
				DAAAC99E283BD80900D663E8 /* HexView.xib in Resources */,
				DA90C91D283BB9AE0091DE15 /* Assets.xcassets in Resources */,
				DA0DCF91283D377C00904DA1 /* Headers in Resources */,
			);
			runOnlyForDeploymentPostprocessing = 0;
		};
/* End PBXResourcesBuildPhase section */

/* Begin PBXSourcesBuildPhase section */
		DA90C90F283BB9AD0091DE15 /* Sources */ = {
			isa = PBXSourcesBuildPhase;
			buildActionMask = 2147483647;
			files = (
				DA49036E2843E085006C9169 /* BlockView.swift in Sources */,
				DAAAC9A0283BD9B000D663E8 /* HexView.swift in Sources */,
				DA90C917283BB9AD0091DE15 /* BPXViewerApp.swift in Sources */,
				DA99F389283FA1DF007BFEC3 /* SelectableItem.swift in Sources */,
				DA0DCF8D283D36B900904DA1 /* Container.swift in Sources */,
				DA689BF62844C46B00A2EF1B /* StringView.swift in Sources */,
				DA4903712843E6D8006C9169 /* Value.swift in Sources */,
				DA99F38B283FE64E007BFEC3 /* MainHeaderView.swift in Sources */,
				DA4903752843E78A006C9169 /* Loader.swift in Sources */,
				DA49036C2843B436006C9169 /* ToolButton.swift in Sources */,
				DA4903732843E739006C9169 /* TypeDesc.swift in Sources */,
				DA4903772843E911006C9169 /* Strings.swift in Sources */,
				DAB22D89284172CF005C8741 /* DecodedView.swift in Sources */,
				DA0DCF94283E4D3300904DA1 /* Section.swift in Sources */,
				DA689BF82844ED8900A2EF1B /* StructuredData.swift in Sources */,
				DA1779F82846519E00F3EBC5 /* SdView.swift in Sources */,
				DA560CF52848BD790057AB1A /* PointerView.swift in Sources */,
				DACF4B1F28423ABA008AA6A3 /* SectionState.swift in Sources */,
				DA90C919283BB9AD0091DE15 /* BPXDocument.swift in Sources */,
				DA99F38D283FE703007BFEC3 /* SectionHeaderView.swift in Sources */,
				DA0DCF8F283D371600904DA1 /* Error.swift in Sources */,
				DAB22D8728412255005C8741 /* ByteBuf.swift in Sources */,
				DA90C91B283BB9AD0091DE15 /* ContentView.swift in Sources */,
				DAB22D822840D4D7005C8741 /* BundleManager.swift in Sources */,
			);
			runOnlyForDeploymentPostprocessing = 0;
		};
/* End PBXSourcesBuildPhase section */

/* Begin XCBuildConfiguration section */
		DA90C923283BB9AE0091DE15 /* Debug */ = {
			isa = XCBuildConfiguration;
			buildSettings = {
				ALWAYS_SEARCH_USER_PATHS = NO;
				CLANG_ANALYZER_NONNULL = YES;
				CLANG_ANALYZER_NUMBER_OBJECT_CONVERSION = YES_AGGRESSIVE;
				CLANG_CXX_LANGUAGE_STANDARD = "gnu++17";
				CLANG_CXX_LIBRARY = "libc++";
				CLANG_ENABLE_MODULES = YES;
				CLANG_ENABLE_OBJC_ARC = YES;
				CLANG_ENABLE_OBJC_WEAK = YES;
				CLANG_WARN_BLOCK_CAPTURE_AUTORELEASING = YES;
				CLANG_WARN_BOOL_CONVERSION = YES;
				CLANG_WARN_COMMA = YES;
				CLANG_WARN_CONSTANT_CONVERSION = YES;
				CLANG_WARN_DEPRECATED_OBJC_IMPLEMENTATIONS = YES;
				CLANG_WARN_DIRECT_OBJC_ISA_USAGE = YES_ERROR;
				CLANG_WARN_DOCUMENTATION_COMMENTS = YES;
				CLANG_WARN_EMPTY_BODY = YES;
				CLANG_WARN_ENUM_CONVERSION = YES;
				CLANG_WARN_INFINITE_RECURSION = YES;
				CLANG_WARN_INT_CONVERSION = YES;
				CLANG_WARN_NON_LITERAL_NULL_CONVERSION = YES;
				CLANG_WARN_OBJC_IMPLICIT_RETAIN_SELF = YES;
				CLANG_WARN_OBJC_LITERAL_CONVERSION = YES;
				CLANG_WARN_OBJC_ROOT_CLASS = YES_ERROR;
				CLANG_WARN_QUOTED_INCLUDE_IN_FRAMEWORK_HEADER = YES;
				CLANG_WARN_RANGE_LOOP_ANALYSIS = YES;
				CLANG_WARN_STRICT_PROTOTYPES = YES;
				CLANG_WARN_SUSPICIOUS_MOVE = YES;
				CLANG_WARN_UNGUARDED_AVAILABILITY = YES_AGGRESSIVE;
				CLANG_WARN_UNREACHABLE_CODE = YES;
				CLANG_WARN__DUPLICATE_METHOD_MATCH = YES;
				COPY_PHASE_STRIP = NO;
				DEBUG_INFORMATION_FORMAT = dwarf;
				ENABLE_STRICT_OBJC_MSGSEND = YES;
				ENABLE_TESTABILITY = YES;
				GCC_C_LANGUAGE_STANDARD = gnu11;
				GCC_DYNAMIC_NO_PIC = NO;
				GCC_NO_COMMON_BLOCKS = YES;
				GCC_OPTIMIZATION_LEVEL = 0;
				GCC_PREPROCESSOR_DEFINITIONS = (
					"DEBUG=1",
					"$(inherited)",
				);
				GCC_WARN_64_TO_32_BIT_CONVERSION = YES;
				GCC_WARN_ABOUT_RETURN_TYPE = YES_ERROR;
				GCC_WARN_UNDECLARED_SELECTOR = YES;
				GCC_WARN_UNINITIALIZED_AUTOS = YES_AGGRESSIVE;
				GCC_WARN_UNUSED_FUNCTION = YES;
				GCC_WARN_UNUSED_VARIABLE = YES;
				MACOSX_DEPLOYMENT_TARGET = 12.1;
				MTL_ENABLE_DEBUG_INFO = INCLUDE_SOURCE;
				MTL_FAST_MATH = YES;
				ONLY_ACTIVE_ARCH = YES;
				SDKROOT = macosx;
				SWIFT_ACTIVE_COMPILATION_CONDITIONS = DEBUG;
				SWIFT_OPTIMIZATION_LEVEL = "-Onone";
			};
			name = Debug;
		};
		DA90C924283BB9AE0091DE15 /* Release */ = {
			isa = XCBuildConfiguration;
			buildSettings = {
				ALWAYS_SEARCH_USER_PATHS = NO;
				CLANG_ANALYZER_NONNULL = YES;
				CLANG_ANALYZER_NUMBER_OBJECT_CONVERSION = YES_AGGRESSIVE;
				CLANG_CXX_LANGUAGE_STANDARD = "gnu++17";
				CLANG_CXX_LIBRARY = "libc++";
				CLANG_ENABLE_MODULES = YES;
				CLANG_ENABLE_OBJC_ARC = YES;
				CLANG_ENABLE_OBJC_WEAK = YES;
				CLANG_WARN_BLOCK_CAPTURE_AUTORELEASING = YES;
				CLANG_WARN_BOOL_CONVERSION = YES;
				CLANG_WARN_COMMA = YES;
				CLANG_WARN_CONSTANT_CONVERSION = YES;
				CLANG_WARN_DEPRECATED_OBJC_IMPLEMENTATIONS = YES;
				CLANG_WARN_DIRECT_OBJC_ISA_USAGE = YES_ERROR;
				CLANG_WARN_DOCUMENTATION_COMMENTS = YES;
				CLANG_WARN_EMPTY_BODY = YES;
				CLANG_WARN_ENUM_CONVERSION = YES;
				CLANG_WARN_INFINITE_RECURSION = YES;
				CLANG_WARN_INT_CONVERSION = YES;
				CLANG_WARN_NON_LITERAL_NULL_CONVERSION = YES;
				CLANG_WARN_OBJC_IMPLICIT_RETAIN_SELF = YES;
				CLANG_WARN_OBJC_LITERAL_CONVERSION = YES;
				CLANG_WARN_OBJC_ROOT_CLASS = YES_ERROR;
				CLANG_WARN_QUOTED_INCLUDE_IN_FRAMEWORK_HEADER = YES;
				CLANG_WARN_RANGE_LOOP_ANALYSIS = YES;
				CLANG_WARN_STRICT_PROTOTYPES = YES;
				CLANG_WARN_SUSPICIOUS_MOVE = YES;
				CLANG_WARN_UNGUARDED_AVAILABILITY = YES_AGGRESSIVE;
				CLANG_WARN_UNREACHABLE_CODE = YES;
				CLANG_WARN__DUPLICATE_METHOD_MATCH = YES;
				COPY_PHASE_STRIP = NO;
				DEBUG_INFORMATION_FORMAT = "dwarf-with-dsym";
				ENABLE_NS_ASSERTIONS = NO;
				ENABLE_STRICT_OBJC_MSGSEND = YES;
				GCC_C_LANGUAGE_STANDARD = gnu11;
				GCC_NO_COMMON_BLOCKS = YES;
				GCC_WARN_64_TO_32_BIT_CONVERSION = YES;
				GCC_WARN_ABOUT_RETURN_TYPE = YES_ERROR;
				GCC_WARN_UNDECLARED_SELECTOR = YES;
				GCC_WARN_UNINITIALIZED_AUTOS = YES_AGGRESSIVE;
				GCC_WARN_UNUSED_FUNCTION = YES;
				GCC_WARN_UNUSED_VARIABLE = YES;
				MACOSX_DEPLOYMENT_TARGET = 12.1;
				MTL_ENABLE_DEBUG_INFO = NO;
				MTL_FAST_MATH = YES;
				SDKROOT = macosx;
				SWIFT_COMPILATION_MODE = wholemodule;
				SWIFT_OPTIMIZATION_LEVEL = "-O";
			};
			name = Release;
		};
		DA90C926283BB9AE0091DE15 /* Debug */ = {
			isa = XCBuildConfiguration;
			buildSettings = {
				ASSETCATALOG_COMPILER_APPICON_NAME = AppIcon;
				ASSETCATALOG_COMPILER_GLOBAL_ACCENT_COLOR_NAME = AccentColor;
				CODE_SIGN_ENTITLEMENTS = BPXViewer/BPXViewer.entitlements;
				CODE_SIGN_STYLE = Automatic;
				COMBINE_HIDPI_IMAGES = YES;
				CURRENT_PROJECT_VERSION = 1;
				DEVELOPMENT_ASSET_PATHS = "\"BPXViewer/Preview Content\"";
				ENABLE_PREVIEWS = YES;
				GENERATE_INFOPLIST_FILE = YES;
				INFOPLIST_FILE = BPXViewer/Info.plist;
				INFOPLIST_KEY_NSHumanReadableCopyright = "";
				LD_RUNPATH_SEARCH_PATHS = (
					"$(inherited)",
					"@executable_path/../Frameworks",
				);
				MARKETING_VERSION = 1.0;
				PRODUCT_BUNDLE_IDENTIFIER = com.gitlab.bp3d.BPXViewer;
				PRODUCT_NAME = "$(TARGET_NAME)";
				SWIFT_EMIT_LOC_STRINGS = YES;
				SWIFT_OBJC_BRIDGING_HEADER = bpx_bridge.h;
				SWIFT_VERSION = 5.0;
			};
			name = Debug;
		};
		DA90C927283BB9AE0091DE15 /* Release */ = {
			isa = XCBuildConfiguration;
			buildSettings = {
				ASSETCATALOG_COMPILER_APPICON_NAME = AppIcon;
				ASSETCATALOG_COMPILER_GLOBAL_ACCENT_COLOR_NAME = AccentColor;
				CODE_SIGN_ENTITLEMENTS = BPXViewer/BPXViewer.entitlements;
				CODE_SIGN_STYLE = Automatic;
				COMBINE_HIDPI_IMAGES = YES;
				CURRENT_PROJECT_VERSION = 1;
				DEVELOPMENT_ASSET_PATHS = "\"BPXViewer/Preview Content\"";
				ENABLE_PREVIEWS = YES;
				GENERATE_INFOPLIST_FILE = YES;
				INFOPLIST_FILE = BPXViewer/Info.plist;
				INFOPLIST_KEY_NSHumanReadableCopyright = "";
				LD_RUNPATH_SEARCH_PATHS = (
					"$(inherited)",
					"@executable_path/../Frameworks",
				);
				MARKETING_VERSION = 1.0;
				PRODUCT_BUNDLE_IDENTIFIER = com.gitlab.bp3d.BPXViewer;
				PRODUCT_NAME = "$(TARGET_NAME)";
				SWIFT_EMIT_LOC_STRINGS = YES;
				SWIFT_OBJC_BRIDGING_HEADER = bpx_bridge.h;
				SWIFT_VERSION = 5.0;
			};
			name = Release;
		};
/* End XCBuildConfiguration section */

/* Begin XCConfigurationList section */
		DA90C90E283BB9AD0091DE15 /* Build configuration list for PBXProject "BPXViewer" */ = {
			isa = XCConfigurationList;
			buildConfigurations = (
				DA90C923283BB9AE0091DE15 /* Debug */,
				DA90C924283BB9AE0091DE15 /* Release */,
			);
			defaultConfigurationIsVisible = 0;
			defaultConfigurationName = Release;
		};
		DA90C925283BB9AE0091DE15 /* Build configuration list for PBXNativeTarget "BPXViewer" */ = {
			isa = XCConfigurationList;
			buildConfigurations = (
				DA90C926283BB9AE0091DE15 /* Debug */,
				DA90C927283BB9AE0091DE15 /* Release */,
			);
			defaultConfigurationIsVisible = 0;
			defaultConfigurationName = Release;
		};
/* End XCConfigurationList section */

/* Begin XCRemoteSwiftPackageReference section */
		DAB22D832840DB7C005C8741 /* XCRemoteSwiftPackageReference "TOMLDecoder" */ = {
			isa = XCRemoteSwiftPackageReference;
			repositoryURL = "https://github.com/dduan/TOMLDecoder.git";
			requirement = {
				kind = upToNextMinorVersion;
				minimumVersion = 0.2.2;
			};
		};
/* End XCRemoteSwiftPackageReference section */

/* Begin XCSwiftPackageProductDependency section */
		DAB22D842840DB7C005C8741 /* TOMLDecoder */ = {
			isa = XCSwiftPackageProductDependency;
			package = DAB22D832840DB7C005C8741 /* XCRemoteSwiftPackageReference "TOMLDecoder" */;
			productName = TOMLDecoder;
		};
/* End XCSwiftPackageProductDependency section */
	};
	rootObject = DA90C90B283BB9AD0091DE15 /* Project object */;
}
